# This file was autogenerated by uv via the following command:
#    uv pip compile pyproject.toml --all-extras -o uv.lock
accessible-pygments==0.0.5
    # via pydata-sphinx-theme
alabaster==1.0.0
    # via sphinx
appnope==0.1.4
    # via ipykernel
asttokens==3.0.0
    # via stack-data
babel==2.17.0
    # via
    #   pydata-sphinx-theme
    #   sphinx
bashlex==0.18
    # via cibuildwheel
beautifulsoup4==4.14.2
    # via pydata-sphinx-theme
bokeh==3.8.0
    # via dask
bracex==2.6
    # via cibuildwheel
build==1.3.0
    # via cibuildwheel
certifi==2025.10.5
    # via
    #   cibuildwheel
    #   requests
charset-normalizer==3.4.3
    # via requests
cibuildwheel==3.2.0
    # via sdf-xarray (pyproject.toml)
click==8.3.0
    # via
    #   dask
    #   distributed
cloudpickle==3.1.1
    # via
    #   dask
    #   distributed
comm==0.2.3
    # via ipykernel
contourpy==1.3.3
    # via
    #   bokeh
    #   matplotlib
cycler==0.12.1
    # via matplotlib
dask==2025.9.1
    # via
    #   sdf-xarray (pyproject.toml)
    #   distributed
debugpy==1.8.17
    # via ipykernel
decorator==5.2.1
    # via ipython
dependency-groups==1.3.1
    # via cibuildwheel
distributed==2025.9.1
    # via dask
docutils==0.21.2
    # via
    #   myst-parser
    #   pydata-sphinx-theme
    #   sphinx
executing==2.2.1
    # via stack-data
filelock==3.19.1
    # via cibuildwheel
flexcache==0.3
    # via pint
flexparser==0.4
    # via pint
fonttools==4.60.1
    # via matplotlib
fsspec==2025.9.0
    # via dask
humanize==4.13.0
    # via cibuildwheel
idna==3.10
    # via requests
imagesize==1.4.1
    # via sphinx
iniconfig==2.1.0
    # via pytest
ipykernel==6.30.1
    # via sdf-xarray (pyproject.toml)
ipython==9.6.0
    # via
    #   sdf-xarray (pyproject.toml)
    #   ipykernel
ipython-pygments-lexers==1.1.1
    # via ipython
jedi==0.19.2
    # via ipython
jinja2==3.1.6
    # via
    #   bokeh
    #   dask
    #   distributed
    #   myst-parser
    #   sphinx
jupyter-client==8.6.3
    # via ipykernel
jupyter-core==5.8.1
    # via
    #   ipykernel
    #   jupyter-client
kiwisolver==1.4.9
    # via matplotlib
locket==1.0.0
    # via
    #   distributed
    #   partd
lz4==4.4.4
    # via dask
markdown-it-py==3.0.0
    # via
    #   mdit-py-plugins
    #   myst-parser
markupsafe==3.0.3
    # via jinja2
matplotlib==3.10.6
    # via sdf-xarray (pyproject.toml)
matplotlib-inline==0.1.7
    # via
    #   ipykernel
    #   ipython
mdit-py-plugins==0.5.0
    # via myst-parser
mdurl==0.1.2
    # via markdown-it-py
msgpack==1.1.1
    # via distributed
myst-parser==4.0.1
    # via sdf-xarray (pyproject.toml)
narwhals==2.7.0
    # via bokeh
nest-asyncio==1.6.0
    # via ipykernel
numpy==2.3.3
    # via
    #   sdf-xarray (pyproject.toml)
    #   bokeh
    #   contourpy
    #   dask
    #   matplotlib
    #   pandas
    #   pint-xarray
    #   xarray
packaging==25.0
    # via
    #   bokeh
    #   build
    #   cibuildwheel
    #   dask
    #   dependency-groups
    #   distributed
    #   ipykernel
    #   matplotlib
    #   pydata-sphinx-theme
    #   pytest
    #   sphinx
    #   xarray
pandas==2.3.3
    # via
    #   bokeh
    #   dask
    #   xarray
parso==0.8.5
    # via jedi
partd==1.4.2
    # via dask
patchelf==0.17.2.4
    # via cibuildwheel
pexpect==4.9.0
    # via ipython
pickleshare==0.7.5
    # via sdf-xarray (pyproject.toml)
pillow==11.3.0
    # via
    #   bokeh
    #   matplotlib
pint==0.25
    # via
    #   sdf-xarray (pyproject.toml)
    #   pint-xarray
pint-xarray==0.6.0
    # via sdf-xarray (pyproject.toml)
platformdirs==4.4.0
    # via
    #   cibuildwheel
    #   jupyter-core
    #   pint
pluggy==1.6.0
    # via pytest
prompt-toolkit==3.0.52
    # via ipython
psutil==7.1.0
    # via
    #   distributed
    #   ipykernel
ptyprocess==0.7.0
    # via pexpect
pure-eval==0.2.3
    # via stack-data
pyarrow==21.0.0
    # via dask
pydata-sphinx-theme==0.15.4
    # via sphinx-book-theme
pyelftools==0.32
    # via cibuildwheel
pygments==2.19.2
    # via
    #   accessible-pygments
    #   ipython
    #   ipython-pygments-lexers
    #   pydata-sphinx-theme
    #   pytest
    #   sphinx
pyparsing==3.2.5
    # via matplotlib
pyproject-hooks==1.2.0
    # via build
pytest==8.4.2
    # via sdf-xarray (pyproject.toml)
python-dateutil==2.9.0.post0
    # via
    #   jupyter-client
    #   matplotlib
    #   pandas
pytz==2025.2
    # via pandas
pyyaml==6.0.3
    # via
    #   bokeh
    #   dask
    #   distributed
    #   myst-parser
pyzmq==27.1.0
    # via
    #   ipykernel
    #   jupyter-client
requests==2.32.5
    # via sphinx
roman-numerals-py==3.1.0
    # via sphinx
ruff==0.13.3
    # via sdf-xarray (pyproject.toml)
six==1.17.0
    # via python-dateutil
snowballstemmer==3.0.1
    # via sphinx
sortedcontainers==2.4.0
    # via distributed
soupsieve==2.8
    # via beautifulsoup4
sphinx==8.2.3
    # via
    #   sdf-xarray (pyproject.toml)
    #   myst-parser
    #   pydata-sphinx-theme
    #   sphinx-argparse-cli
    #   sphinx-autodoc-typehints
    #   sphinx-book-theme
    #   sphinx-inline-tabs
sphinx-argparse-cli==1.19.0
    # via sdf-xarray (pyproject.toml)
sphinx-autodoc-typehints==3.2.0
    # via sdf-xarray (pyproject.toml)
sphinx-book-theme==1.1.4
    # via sdf-xarray (pyproject.toml)
sphinx-inline-tabs==2023.4.21
    # via sdf-xarray (pyproject.toml)
sphinxcontrib-applehelp==2.0.0
    # via sphinx
sphinxcontrib-devhelp==2.0.0
    # via sphinx
sphinxcontrib-htmlhelp==2.1.0
    # via sphinx
sphinxcontrib-jsmath==1.0.1
    # via sphinx
sphinxcontrib-qthelp==2.0.0
    # via sphinx
sphinxcontrib-serializinghtml==2.0.0
    # via sphinx
stack-data==0.6.3
    # via ipython
tblib==3.1.0
    # via distributed
toolz==1.0.0
    # via
    #   dask
    #   distributed
    #   partd
tornado==6.5.2
    # via
    #   bokeh
    #   distributed
    #   ipykernel
    #   jupyter-client
traitlets==5.14.3
    # via
    #   ipykernel
    #   ipython
    #   jupyter-client
    #   jupyter-core
    #   matplotlib-inline
typing-extensions==4.15.0
    # via
    #   beautifulsoup4
    #   flexcache
    #   flexparser
    #   pint
    #   pydata-sphinx-theme
tzdata==2025.2
    # via pandas
urllib3==2.5.0
    # via
    #   distributed
    #   requests
uv==0.8.24
    # via cibuildwheel
wcwidth==0.2.14
    # via prompt-toolkit
wheel==0.45.1
    # via cibuildwheel
xarray==2025.10.0
    # via
    #   sdf-xarray (pyproject.toml)
    #   pint-xarray
xyzservices==2025.4.0
    # via bokeh
zict==3.0.0
    # via distributed
